
Microsoft Visual Studio Solution File, Format Version 12.00
# Visual Studio Version 17
VisualStudioVersion = 17.3.32819.101
MinimumVisualStudioVersion = 10.0.40219.1
Project("{FAE04EC0-301F-11D3-BF4B-00C04F79EFBC}") = "DiscordBotSyriaRP", "DiscordBotSyriaRP\DiscordBotSyriaRP.csproj", "{7B23E894-1B42-402E-BE08-AFC9E3771624}"
EndProject
Global
	GlobalSection(SolutionConfigurationPlatforms) = preSolution
		Debug|Any CPU = Debug|Any CPU
		Release|Any CPU = Release|Any CPU
	EndGlobalSection
	GlobalSection(ProjectConfigurationPlatforms) = postSolution
		{7B23E894-1B42-402E-BE08-AFC9E3771624}.Debug|Any CPU.ActiveCfg = Debug|Any CPU
		{7B23E894-1B42-402E-BE08-AFC9E3771624}.Debug|Any CPU.Build.0 = Debug|Any CPU
		{7B23E894-1B42-402E-BE08-AFC9E3771624}.Release|Any CPU.ActiveCfg = Release|Any CPU
		{7B23E894-1B42-402E-BE08-AFC9E3771624}.Release|Any CPU.Build.0 = Release|Any CPU
	EndGlobalSection
	GlobalSection(SolutionProperties) = preSolution
		HideSolutionNode = FALSE
	EndGlobalSection
	GlobalSection(ExtensibilityGlobals) = postSolution
		SolutionGuid = {6B0C0A82-1FD6-40C3-9D17-958F753928D5}
	EndGlobalSection
EndGlobal
